
Microsoft Visual Studio Solution File, Format Version 12.00
# Visual Studio Version 17
VisualStudioVersion = 17.3.32819.101
MinimumVisualStudioVersion = 10.0.40219.1
Project("{888888A0-9F3D-457C-B088-3A5042F75D52}") = "kapite1-3uppgift5", "kapite1-3uppgift5\kapite1-3uppgift5.pyproj", "{06C674FC-B201-4096-8DFB-82C020E23F97}"
EndProject
Global
	GlobalSection(SolutionConfigurationPlatforms) = preSolution
		Debug|Any CPU = Debug|Any CPU
		Release|Any CPU = Release|Any CPU
	EndGlobalSection
	GlobalSection(ProjectConfigurationPlatforms) = postSolution
		{06C674FC-B201-4096-8DFB-82C020E23F97}.Debug|Any CPU.ActiveCfg = Debug|Any CPU
		{06C674FC-B201-4096-8DFB-82C020E23F97}.Release|Any CPU.ActiveCfg = Release|Any CPU
	EndGlobalSection
	GlobalSection(SolutionProperties) = preSolution
		HideSolutionNode = FALSE
	EndGlobalSection
	GlobalSection(ExtensibilityGlobals) = postSolution
		SolutionGuid = {CBB68266-4E08-4D8B-9C0D-E814E676B2D3}
	EndGlobalSection
EndGlobal
